# This file is autogenerated, do not edit; changes may be undone by the next 'dep ensure'.


[[projects]]
  branch = "master"
  name = "github.com/dustin/go-nntp"
  packages = [
    ".",
    "server"
  ]
  revision = "c90cf61f8fabcb90ab2a56309fb0697b71314698"

[solve-meta]
  analyzer-name = "dep"
  analyzer-version = 1
  inputs-digest = "6e4a22ca7346e6dd9efa70143cc67335bb944dbcbb77cf6c085a9402c1791f8c"
  solver-name = "gps-cdcl"
  solver-version = 1
