# This file is autogenerated, do not edit; changes may be undone by the next 'dep ensure'.


[[projects]]
  name = "github.com/coreos/bbolt"
  packages = ["."]
  revision = "583e8937c61f1af6513608ccc75c97b6abdf4ff9"
  version = "v1.3.0"

[[projects]]
  branch = "master"
  name = "github.com/dustin/go-couch"
  packages = ["."]
  revision = "8251128dab73e7f6d0ddb0fabb1a72eca7d160b6"

[[projects]]
  branch = "master"
  name = "github.com/dustin/go-nntp"
  packages = [
    ".",
    "client",
    "server"
  ]
  revision = "77b1423455340e7e90e66444e87293fb7ba5dd66"
  source = "https://github.com/mildred/go-nntp"

[[projects]]
  branch = "master"
  name = "github.com/dustin/httputil"
  packages = ["."]
  revision = "c47743f54f8958359297bafa434ca6c2acf36c42"

[[projects]]
  branch = "v1"
  name = "github.com/emersion/go-imap"
  packages = [
    ".",
    "backend",
    "client",
    "commands",
    "responses",
    "server",
    "utf7"
  ]
  revision = "e402a386e2001febf508c43e85d1a1383dca9e3c"

[[projects]]
  branch = "master"
  name = "github.com/emersion/go-imap-idle"
  packages = ["."]
  revision = "2af93776db6b042cc1116b0d0af00d7f58eea696"

[[projects]]
  name = "github.com/emersion/go-message"
  packages = [
    ".",
    "charset",
    "mail"
  ]
  revision = "f7e2be8074d097a816a1f5bd9d502adc46275d4a"
  version = "v0.9.1"

[[projects]]
  branch = "master"
  name = "github.com/emersion/go-sasl"
  packages = ["."]
  revision = "7e096a0a6197b89989e8cc31016daa67c8c62051"

[[projects]]
  branch = "master"
  name = "github.com/emersion/go-textwrapper"
  packages = ["."]
  revision = "d0e65e56babe3f687ff94c1d764ca0e6aa7723ee"

[[projects]]
  branch = "master"
  name = "github.com/paulrosania/go-charset"
  packages = [
    "charset",
    "data"
  ]
  revision = "621bb39fcc835dce592e682f5073025d0169587b"

[[projects]]
  branch = "master"
  name = "github.com/paulrosania/go-mail"
  packages = ["."]
  revision = "5e96d116f4cfb4d29f83f76e44d611a801cdbce5"

[[projects]]
  branch = "master"
  name = "golang.org/x/sys"
  packages = ["unix"]
  revision = "1c9583448a9c3aa0f9a6a5241bf73c0bd8aafded"

[[projects]]
  name = "golang.org/x/text"
  packages = [
    "encoding",
    "encoding/charmap",
    "encoding/internal",
    "encoding/internal/identifier",
    "encoding/japanese",
    "encoding/simplifiedchinese",
    "encoding/traditionalchinese",
    "internal/gen",
    "transform",
    "unicode/cldr"
  ]
  revision = "f21a4dfb5e38f5895301dc265a8def02365cc3d0"
  version = "v0.3.0"

[solve-meta]
  analyzer-name = "dep"
  analyzer-version = 1
  inputs-digest = "41bc30f8f04bd4c9cb6fe66e80906f72cc61f68b855947c811aacc0b8bf288f6"
  solver-name = "gps-cdcl"
  solver-version = 1
